{
  "name": "technical-test",
  "version": "0.0.0",
  "lockfileVersion": 1,
  "requires": true,
  "dependencies": {
    "prettier": {
      "version": "2.8.4",
      "resolved": "https://registry.npmjs.org/prettier/-/prettier-2.8.4.tgz",
      "integrity": "sha512-vIS4Rlc2FNh0BySk3Wkd6xmwxB0FpOndW5fisM5H8hsZSxU2VWVB5CWIkIjWvrHjIhxk2g3bfMKM87zNTrZddw==",
      "dev": true
    },
    "turbo": {
      "version": "1.8.3",
      "resolved": "https://registry.npmjs.org/turbo/-/turbo-1.8.3.tgz",
      "integrity": "sha512-zGrkU1EuNFmkq6iky6LcMqD4h0OLE8XysVFxQWRIZbcTNnf0XAycbsbeEyiJpiWeqb7qtg2bVuY9EYcNoNhVuQ==",
      "dev": true,
      "requires": {
        "turbo-darwin-64": "1.8.3",
        "turbo-darwin-arm64": "1.8.3",
        "turbo-linux-64": "1.8.3",
        "turbo-linux-arm64": "1.8.3",
        "turbo-windows-64": "1.8.3",
        "turbo-windows-arm64": "1.8.3"
      }
    },
    "turbo-darwin-64": {
      "version": "1.8.3",
      "resolved": "https://registry.npmjs.org/turbo-darwin-64/-/turbo-darwin-64-1.8.3.tgz",
      "integrity": "sha512-bLM084Wr17VAAY/EvCWj7+OwYHvI9s/NdsvlqGp8iT5HEYVimcornCHespgJS/yvZDfC+mX9EQkn3V2JmYgGGw==",
      "dev": true,
      "optional": true
    },
    "turbo-darwin-arm64": {
      "version": "1.8.3",
      "resolved": "https://registry.npmjs.org/turbo-darwin-arm64/-/turbo-darwin-arm64-1.8.3.tgz",
      "integrity": "sha512-4oZjXtzakopMK110kue3z/hqu3WLv+eDLZOX1NGdo49gqca9BeD8GbH+sXpAp6tqyeuzpss+PIliVYuyt7LgbA==",
      "dev": true,
      "optional": true
    },
    "turbo-linux-64": {
      "version": "1.8.3",
      "resolved": "https://registry.npmjs.org/turbo-linux-64/-/turbo-linux-64-1.8.3.tgz",
      "integrity": "sha512-uvX2VKotf5PU14FCxJA5iHItPQno2JWzerMd+g3/h/Asay6dvxvtVjc39MQeGT0H5njSvzVKFkT+3/5q8lgOEg==",
      "dev": true,
      "optional": true
    },
    "turbo-linux-arm64": {
      "version": "1.8.3",
      "resolved": "https://registry.npmjs.org/turbo-linux-arm64/-/turbo-linux-arm64-1.8.3.tgz",
      "integrity": "sha512-E1p+oH3XKMaPS4rqWhYsL4j2Pzc0d/9P5KU7Kn1kqVLo2T3iRA7n2KVULEieUNE0nTH+aIJPXYXOpqCI5wFJaA==",
      "dev": true,
      "optional": true
    },
    "turbo-windows-64": {
      "version": "1.8.3",
      "resolved": "https://registry.npmjs.org/turbo-windows-64/-/turbo-windows-64-1.8.3.tgz",
      "integrity": "sha512-cnzAytHtoLXd0J7aNzRpZFpL/GTjcBmkvAPlbOdf/Pl1iwS4qzGrudZQ+OM1lmLgLIfBPIavsGHBknTwTNib4A==",
      "dev": true,
      "optional": true
    },
    "turbo-windows-arm64": {
      "version": "1.8.3",
      "resolved": "https://registry.npmjs.org/turbo-windows-arm64/-/turbo-windows-arm64-1.8.3.tgz",
      "integrity": "sha512-ulIiItNm2w/zYJdD5/oAzjzNns1IjbpweRzpsE8tLXaWwo6+fnXXkyloUug0IUhcd2k6fJXfoiDZfygqpOVuXg==",
      "dev": true,
      "optional": true
    }
  }
}
